
Microsoft Visual Studio Solution File, Format Version 12.00
# Visual Studio 14
VisualStudioVersion = 14.0.25420.1
MinimumVisualStudioVersion = 10.0.40219.1
Project("{FAE04EC0-301F-11D3-BF4B-00C04F79EFBC}") = "AngularJSASPNETMVCApp", "AngularJSASPNETMVCApp\AngularJSASPNETMVCApp.csproj", "{F5E3333F-7300-49A9-91DE-1E999A92122B}"
EndProject
Project("{FAE04EC0-301F-11D3-BF4B-00C04F79EFBC}") = "AngularJSASPNETMVCApp.Tests", "AngularJSASPNETMVCApp.Tests\AngularJSASPNETMVCApp.Tests.csproj", "{AA1B6543-41C7-4022-9A75-28C46D46822A}"
EndProject
Global
	GlobalSection(SolutionConfigurationPlatforms) = preSolution
		Debug|Any CPU = Debug|Any CPU
		Release|Any CPU = Release|Any CPU
	EndGlobalSection
	GlobalSection(ProjectConfigurationPlatforms) = postSolution
		{F5E3333F-7300-49A9-91DE-1E999A92122B}.Debug|Any CPU.ActiveCfg = Debug|Any CPU
		{F5E3333F-7300-49A9-91DE-1E999A92122B}.Debug|Any CPU.Build.0 = Debug|Any CPU
		{F5E3333F-7300-49A9-91DE-1E999A92122B}.Release|Any CPU.ActiveCfg = Release|Any CPU
		{F5E3333F-7300-49A9-91DE-1E999A92122B}.Release|Any CPU.Build.0 = Release|Any CPU
		{AA1B6543-41C7-4022-9A75-28C46D46822A}.Debug|Any CPU.ActiveCfg = Debug|Any CPU
		{AA1B6543-41C7-4022-9A75-28C46D46822A}.Debug|Any CPU.Build.0 = Debug|Any CPU
		{AA1B6543-41C7-4022-9A75-28C46D46822A}.Release|Any CPU.ActiveCfg = Release|Any CPU
		{AA1B6543-41C7-4022-9A75-28C46D46822A}.Release|Any CPU.Build.0 = Release|Any CPU
	EndGlobalSection
	GlobalSection(SolutionProperties) = preSolution
		HideSolutionNode = FALSE
	EndGlobalSection
EndGlobal
